
Microsoft Visual Studio Solution File, Format Version 12.00
# Visual Studio 15
Project("{FAE04EC0-301F-11D3-BF4B-00C04F79EFBC}") = "Assembly-CSharp", "Assembly-CSharp.csproj", "{EF410397-138F-9BDE-1316-D6F8E22F5CA0}"
EndProject
Project("{FAE04EC0-301F-11D3-BF4B-00C04F79EFBC}") = "StompyRobot.SRDebugger", "StompyRobot.SRDebugger.csproj", "{4791E84E-3958-03FF-A1D9-CE2FBA7FF042}"
EndProject
Project("{FAE04EC0-301F-11D3-BF4B-00C04F79EFBC}") = "StompyRobot.SRF", "StompyRobot.SRF.csproj", "{E0554496-2AC6-84DA-234C-A4D12FA49F8E}"
EndProject
Project("{FAE04EC0-301F-11D3-BF4B-00C04F79EFBC}") = "MaxSdk.Scripts", "MaxSdk.Scripts.csproj", "{2C86D26C-AD90-4793-D59D-1E2C824F0326}"
EndProject
Project("{FAE04EC0-301F-11D3-BF4B-00C04F79EFBC}") = "SolarEngineSDK", "SolarEngineSDK.csproj", "{C3028D38-9DC3-4208-AB6D-4D2CEB49AAC7}"
EndProject
Project("{FAE04EC0-301F-11D3-BF4B-00C04F79EFBC}") = "AdjustSdk.Scripts", "AdjustSdk.Scripts.csproj", "{DD325885-A52A-CE39-4C42-B08AB70C2F4D}"
EndProject
Project("{FAE04EC0-301F-11D3-BF4B-00C04F79EFBC}") = "StompyRobot.SRDebugger.Editor", "StompyRobot.SRDebugger.Editor.csproj", "{B29E2AEB-1604-E37E-C13D-873300534D1B}"
EndProject
Project("{FAE04EC0-301F-11D3-BF4B-00C04F79EFBC}") = "Assembly-CSharp-firstpass", "Assembly-CSharp-firstpass.csproj", "{1B1F093F-1D3D-48BE-597F-88692C8A28C1}"
EndProject
Project("{FAE04EC0-301F-11D3-BF4B-00C04F79EFBC}") = "MaxSdk.Scripts.IntegrationManager.Editor", "MaxSdk.Scripts.IntegrationManager.Editor.csproj", "{B9DDD457-E62B-AB8D-839F-612F2F0E3958}"
EndProject
Project("{FAE04EC0-301F-11D3-BF4B-00C04F79EFBC}") = "SolarEngineSDK.Editor", "SolarEngineSDK.Editor.csproj", "{3A56E791-22C6-0B27-80A9-37F05B0C7EBD}"
EndProject
Project("{FAE04EC0-301F-11D3-BF4B-00C04F79EFBC}") = "StompyRobot.SRF.Editor", "StompyRobot.SRF.Editor.csproj", "{C53F767F-E7F5-1071-9296-AB41F91D3198}"
EndProject
Project("{FAE04EC0-301F-11D3-BF4B-00C04F79EFBC}") = "Assembly-CSharp-Editor", "Assembly-CSharp-Editor.csproj", "{BCE6E89B-3864-8F6E-0347-29F5C4CE5712}"
EndProject
Project("{FAE04EC0-301F-11D3-BF4B-00C04F79EFBC}") = "AdjustSdk.Editor", "AdjustSdk.Editor.csproj", "{172C9149-C59D-00D7-C3D8-6AA22D424DD6}"
EndProject
Global
	GlobalSection(SolutionConfigurationPlatforms) = preSolution
		Debug|Any CPU = Debug|Any CPU
		Release|Any CPU = Release|Any CPU
	EndGlobalSection
	GlobalSection(ProjectConfigurationPlatforms) = postSolution
		{EF410397-138F-9BDE-1316-D6F8E22F5CA0}.Debug|Any CPU.ActiveCfg = Debug|Any CPU
		{EF410397-138F-9BDE-1316-D6F8E22F5CA0}.Debug|Any CPU.Build.0 = Debug|Any CPU
		{EF410397-138F-9BDE-1316-D6F8E22F5CA0}.Release|Any CPU.ActiveCfg = Release|Any CPU
		{EF410397-138F-9BDE-1316-D6F8E22F5CA0}.Release|Any CPU.Build.0 = Release|Any CPU
		{4791E84E-3958-03FF-A1D9-CE2FBA7FF042}.Debug|Any CPU.ActiveCfg = Debug|Any CPU
		{4791E84E-3958-03FF-A1D9-CE2FBA7FF042}.Debug|Any CPU.Build.0 = Debug|Any CPU
		{4791E84E-3958-03FF-A1D9-CE2FBA7FF042}.Release|Any CPU.ActiveCfg = Release|Any CPU
		{4791E84E-3958-03FF-A1D9-CE2FBA7FF042}.Release|Any CPU.Build.0 = Release|Any CPU
		{E0554496-2AC6-84DA-234C-A4D12FA49F8E}.Debug|Any CPU.ActiveCfg = Debug|Any CPU
		{E0554496-2AC6-84DA-234C-A4D12FA49F8E}.Debug|Any CPU.Build.0 = Debug|Any CPU
		{E0554496-2AC6-84DA-234C-A4D12FA49F8E}.Release|Any CPU.ActiveCfg = Release|Any CPU
		{E0554496-2AC6-84DA-234C-A4D12FA49F8E}.Release|Any CPU.Build.0 = Release|Any CPU
		{2C86D26C-AD90-4793-D59D-1E2C824F0326}.Debug|Any CPU.ActiveCfg = Debug|Any CPU
		{2C86D26C-AD90-4793-D59D-1E2C824F0326}.Debug|Any CPU.Build.0 = Debug|Any CPU
		{2C86D26C-AD90-4793-D59D-1E2C824F0326}.Release|Any CPU.ActiveCfg = Release|Any CPU
		{2C86D26C-AD90-4793-D59D-1E2C824F0326}.Release|Any CPU.Build.0 = Release|Any CPU
		{C3028D38-9DC3-4208-AB6D-4D2CEB49AAC7}.Debug|Any CPU.ActiveCfg = Debug|Any CPU
		{C3028D38-9DC3-4208-AB6D-4D2CEB49AAC7}.Debug|Any CPU.Build.0 = Debug|Any CPU
		{C3028D38-9DC3-4208-AB6D-4D2CEB49AAC7}.Release|Any CPU.ActiveCfg = Release|Any CPU
		{C3028D38-9DC3-4208-AB6D-4D2CEB49AAC7}.Release|Any CPU.Build.0 = Release|Any CPU
		{DD325885-A52A-CE39-4C42-B08AB70C2F4D}.Debug|Any CPU.ActiveCfg = Debug|Any CPU
		{DD325885-A52A-CE39-4C42-B08AB70C2F4D}.Debug|Any CPU.Build.0 = Debug|Any CPU
		{DD325885-A52A-CE39-4C42-B08AB70C2F4D}.Release|Any CPU.ActiveCfg = Release|Any CPU
		{DD325885-A52A-CE39-4C42-B08AB70C2F4D}.Release|Any CPU.Build.0 = Release|Any CPU
		{B29E2AEB-1604-E37E-C13D-873300534D1B}.Debug|Any CPU.ActiveCfg = Debug|Any CPU
		{B29E2AEB-1604-E37E-C13D-873300534D1B}.Debug|Any CPU.Build.0 = Debug|Any CPU
		{B29E2AEB-1604-E37E-C13D-873300534D1B}.Release|Any CPU.ActiveCfg = Release|Any CPU
		{B29E2AEB-1604-E37E-C13D-873300534D1B}.Release|Any CPU.Build.0 = Release|Any CPU
		{1B1F093F-1D3D-48BE-597F-88692C8A28C1}.Debug|Any CPU.ActiveCfg = Debug|Any CPU
		{1B1F093F-1D3D-48BE-597F-88692C8A28C1}.Debug|Any CPU.Build.0 = Debug|Any CPU
		{1B1F093F-1D3D-48BE-597F-88692C8A28C1}.Release|Any CPU.ActiveCfg = Release|Any CPU
		{1B1F093F-1D3D-48BE-597F-88692C8A28C1}.Release|Any CPU.Build.0 = Release|Any CPU
		{B9DDD457-E62B-AB8D-839F-612F2F0E3958}.Debug|Any CPU.ActiveCfg = Debug|Any CPU
		{B9DDD457-E62B-AB8D-839F-612F2F0E3958}.Debug|Any CPU.Build.0 = Debug|Any CPU
		{B9DDD457-E62B-AB8D-839F-612F2F0E3958}.Release|Any CPU.ActiveCfg = Release|Any CPU
		{B9DDD457-E62B-AB8D-839F-612F2F0E3958}.Release|Any CPU.Build.0 = Release|Any CPU
		{3A56E791-22C6-0B27-80A9-37F05B0C7EBD}.Debug|Any CPU.ActiveCfg = Debug|Any CPU
		{3A56E791-22C6-0B27-80A9-37F05B0C7EBD}.Debug|Any CPU.Build.0 = Debug|Any CPU
		{3A56E791-22C6-0B27-80A9-37F05B0C7EBD}.Release|Any CPU.ActiveCfg = Release|Any CPU
		{3A56E791-22C6-0B27-80A9-37F05B0C7EBD}.Release|Any CPU.Build.0 = Release|Any CPU
		{C53F767F-E7F5-1071-9296-AB41F91D3198}.Debug|Any CPU.ActiveCfg = Debug|Any CPU
		{C53F767F-E7F5-1071-9296-AB41F91D3198}.Debug|Any CPU.Build.0 = Debug|Any CPU
		{C53F767F-E7F5-1071-9296-AB41F91D3198}.Release|Any CPU.ActiveCfg = Release|Any CPU
		{C53F767F-E7F5-1071-9296-AB41F91D3198}.Release|Any CPU.Build.0 = Release|Any CPU
		{BCE6E89B-3864-8F6E-0347-29F5C4CE5712}.Debug|Any CPU.ActiveCfg = Debug|Any CPU
		{BCE6E89B-3864-8F6E-0347-29F5C4CE5712}.Debug|Any CPU.Build.0 = Debug|Any CPU
		{BCE6E89B-3864-8F6E-0347-29F5C4CE5712}.Release|Any CPU.ActiveCfg = Release|Any CPU
		{BCE6E89B-3864-8F6E-0347-29F5C4CE5712}.Release|Any CPU.Build.0 = Release|Any CPU
		{172C9149-C59D-00D7-C3D8-6AA22D424DD6}.Debug|Any CPU.ActiveCfg = Debug|Any CPU
		{172C9149-C59D-00D7-C3D8-6AA22D424DD6}.Debug|Any CPU.Build.0 = Debug|Any CPU
		{172C9149-C59D-00D7-C3D8-6AA22D424DD6}.Release|Any CPU.ActiveCfg = Release|Any CPU
		{172C9149-C59D-00D7-C3D8-6AA22D424DD6}.Release|Any CPU.Build.0 = Release|Any CPU
	EndGlobalSection
	GlobalSection(SolutionProperties) = preSolution
		HideSolutionNode = FALSE
	EndGlobalSection
EndGlobal
